
Microsoft Visual Studio Solution File, Format Version 12.00
# Visual Studio Version 17
VisualStudioVersion = 17.3.32929.385
MinimumVisualStudioVersion = 10.0.40219.1
Project("{FAE04EC0-301F-11D3-BF4B-00C04F79EFBC}") = "MonsterTradingCardsGame", "MonsterTradingCardsGame.csproj", "{392DF44E-B79F-4DF8-9B56-B16C20A1B615}"
EndProject
Global
	GlobalSection(SolutionConfigurationPlatforms) = preSolution
		Debug|Any CPU = Debug|Any CPU
		Release|Any CPU = Release|Any CPU
	EndGlobalSection
	GlobalSection(ProjectConfigurationPlatforms) = postSolution
		{392DF44E-B79F-4DF8-9B56-B16C20A1B615}.Debug|Any CPU.ActiveCfg = Debug|Any CPU
		{392DF44E-B79F-4DF8-9B56-B16C20A1B615}.Debug|Any CPU.Build.0 = Debug|Any CPU
		{392DF44E-B79F-4DF8-9B56-B16C20A1B615}.Release|Any CPU.ActiveCfg = Release|Any CPU
		{392DF44E-B79F-4DF8-9B56-B16C20A1B615}.Release|Any CPU.Build.0 = Release|Any CPU
	EndGlobalSection
	GlobalSection(SolutionProperties) = preSolution
		HideSolutionNode = FALSE
	EndGlobalSection
	GlobalSection(ExtensibilityGlobals) = postSolution
		SolutionGuid = {FFC0822E-1696-479C-A7F1-1766A9F91872}
	EndGlobalSection
EndGlobal
