
Microsoft Visual Studio Solution File, Format Version 12.00
# Visual Studio Version 17
VisualStudioVersion = 17.3.32929.385
MinimumVisualStudioVersion = 10.0.40219.1
Project("{9A19103F-16F7-4668-BE54-9A1E7A4F7556}") = "SWE1.MessageServer", "..\SWE1.MessageServer\SWE1.MessageServer.csproj", "{144F096F-96AC-45A7-B2D1-2B2BCE7FF945}"
EndProject
Project("{9A19103F-16F7-4668-BE54-9A1E7A4F7556}") = "SWE1.MessageServer.Core", "..\SWE1.MessageServer.Core\SWE1.MessageServer.Core.csproj", "{0FE4310B-1A1F-4F13-A322-A86D5ECF80E3}"
EndProject
Project("{9A19103F-16F7-4668-BE54-9A1E7A4F7556}") = "SWE1.MessageServer.Test", "..\SWE1.MessageServer.Test\SWE1.MessageServer.Test.csproj", "{6C0C45BA-F88A-497F-AB59-A084AEE75493}"
EndProject
Global
	GlobalSection(SolutionConfigurationPlatforms) = preSolution
		Debug|Any CPU = Debug|Any CPU
		Release|Any CPU = Release|Any CPU
	EndGlobalSection
	GlobalSection(ProjectConfigurationPlatforms) = postSolution
		{144F096F-96AC-45A7-B2D1-2B2BCE7FF945}.Debug|Any CPU.ActiveCfg = Debug|Any CPU
		{144F096F-96AC-45A7-B2D1-2B2BCE7FF945}.Debug|Any CPU.Build.0 = Debug|Any CPU
		{144F096F-96AC-45A7-B2D1-2B2BCE7FF945}.Release|Any CPU.ActiveCfg = Release|Any CPU
		{144F096F-96AC-45A7-B2D1-2B2BCE7FF945}.Release|Any CPU.Build.0 = Release|Any CPU
		{0FE4310B-1A1F-4F13-A322-A86D5ECF80E3}.Debug|Any CPU.ActiveCfg = Debug|Any CPU
		{0FE4310B-1A1F-4F13-A322-A86D5ECF80E3}.Debug|Any CPU.Build.0 = Debug|Any CPU
		{0FE4310B-1A1F-4F13-A322-A86D5ECF80E3}.Release|Any CPU.ActiveCfg = Release|Any CPU
		{0FE4310B-1A1F-4F13-A322-A86D5ECF80E3}.Release|Any CPU.Build.0 = Release|Any CPU
		{6C0C45BA-F88A-497F-AB59-A084AEE75493}.Debug|Any CPU.ActiveCfg = Debug|Any CPU
		{6C0C45BA-F88A-497F-AB59-A084AEE75493}.Debug|Any CPU.Build.0 = Debug|Any CPU
		{6C0C45BA-F88A-497F-AB59-A084AEE75493}.Release|Any CPU.ActiveCfg = Release|Any CPU
		{6C0C45BA-F88A-497F-AB59-A084AEE75493}.Release|Any CPU.Build.0 = Release|Any CPU
	EndGlobalSection
	GlobalSection(SolutionProperties) = preSolution
		HideSolutionNode = FALSE
	EndGlobalSection
	GlobalSection(ExtensibilityGlobals) = postSolution
		SolutionGuid = {83636633-1687-4F70-B646-9851F4B387B6}
	EndGlobalSection
EndGlobal
